
Microsoft Visual Studio Solution File, Format Version 12.00
# Visual Studio Version 16
VisualStudioVersion = 16.0.28917.182
MinimumVisualStudioVersion = 10.0.40219.1
Project("{9A19103F-16F7-4668-BE54-9A1E7A4F7556}") = "BlazePort", "BlazePort.csproj", "{6DAE62EF-0BF9-44CD-9F07-ABB38CD5A5B8}"
EndProject
Global
	GlobalSection(SolutionConfigurationPlatforms) = preSolution
		Debug|Any CPU = Debug|Any CPU
		Release|Any CPU = Release|Any CPU
	EndGlobalSection
	GlobalSection(ProjectConfigurationPlatforms) = postSolution
		{6DAE62EF-0BF9-44CD-9F07-ABB38CD5A5B8}.Debug|Any CPU.ActiveCfg = Debug|Any CPU
		{6DAE62EF-0BF9-44CD-9F07-ABB38CD5A5B8}.Debug|Any CPU.Build.0 = Debug|Any CPU
		{6DAE62EF-0BF9-44CD-9F07-ABB38CD5A5B8}.Release|Any CPU.ActiveCfg = Release|Any CPU
		{6DAE62EF-0BF9-44CD-9F07-ABB38CD5A5B8}.Release|Any CPU.Build.0 = Release|Any CPU
	EndGlobalSection
	GlobalSection(SolutionProperties) = preSolution
		HideSolutionNode = FALSE
	EndGlobalSection
	GlobalSection(ExtensibilityGlobals) = postSolution
		SolutionGuid = {5EF9FDCF-8548-43DF-8DA6-BB9946C70EF9}
	EndGlobalSection
EndGlobal
